
Microsoft Visual Studio Solution File, Format Version 12.00
# Visual Studio Version 17
VisualStudioVersion = 17.0.32014.148
MinimumVisualStudioVersion = 10.0.40219.1
Project("{FAE04EC0-301F-11D3-BF4B-00C04F79EFBC}") = "StudentAPI", "StudentAPI\StudentAPI.csproj", "{DC9338E6-99D9-4BA0-8DF9-A9499AA2C851}"
EndProject
Global
	GlobalSection(SolutionConfigurationPlatforms) = preSolution
		Debug|Any CPU = Debug|Any CPU
		Release|Any CPU = Release|Any CPU
	EndGlobalSection
	GlobalSection(ProjectConfigurationPlatforms) = postSolution
		{DC9338E6-99D9-4BA0-8DF9-A9499AA2C851}.Debug|Any CPU.ActiveCfg = Debug|Any CPU
		{DC9338E6-99D9-4BA0-8DF9-A9499AA2C851}.Debug|Any CPU.Build.0 = Debug|Any CPU
		{DC9338E6-99D9-4BA0-8DF9-A9499AA2C851}.Release|Any CPU.ActiveCfg = Release|Any CPU
		{DC9338E6-99D9-4BA0-8DF9-A9499AA2C851}.Release|Any CPU.Build.0 = Release|Any CPU
	EndGlobalSection
	GlobalSection(SolutionProperties) = preSolution
		HideSolutionNode = FALSE
	EndGlobalSection
	GlobalSection(ExtensibilityGlobals) = postSolution
		SolutionGuid = {3A6D8548-3323-4CA7-AFD2-F20157B23DD9}
	EndGlobalSection
EndGlobal
